
Microsoft Visual Studio Solution File, Format Version 12.00
# Visual Studio Version 17
VisualStudioVersion = 17.5.002.0
MinimumVisualStudioVersion = 10.0.40219.1
Project("{2150E333-8FDC-42A3-9474-1A3956D46DE8}") = "week01", "week01", "{0E757004-81D6-4FB1-B7F8-CF97C4D44D1C}"
EndProject
Project("{9A19103F-16F7-4668-BE54-9A1E7A4F7556}") = "code", "week01\code\code.csproj", "{7FEC8294-76D4-4560-8064-A2F9E77422B5}"
EndProject
Project("{9A19103F-16F7-4668-BE54-9A1E7A4F7556}") = "analyze", "week01\analyze\analyze.csproj", "{47B81E3F-D0A5-4EC9-97FD-3BAAD9CB9B0B}"
EndProject
Project("{9A19103F-16F7-4668-BE54-9A1E7A4F7556}") = "teach", "week01\teach\teach.csproj", "{1C37CC2B-C401-4A94-A28A-2F9BE30AC4CF}"
EndProject
Project("{2150E333-8FDC-42A3-9474-1A3956D46DE8}") = "week06", "week06", "{3E9D5B49-DD86-45D4-A9BD-D4FF197A28D3}"
EndProject
Project("{9A19103F-16F7-4668-BE54-9A1E7A4F7556}") = "code", "week06\code\code.csproj", "{5AF1F16E-E7ED-4CDE-B01D-68FC7364371C}"
EndProject
Project("{2150E333-8FDC-42A3-9474-1A3956D46DE8}") = "sandbox", "sandbox", "{5BB2ED82-C515-48BF-ACDC-559B00459214}"
EndProject
Project("{9A19103F-16F7-4668-BE54-9A1E7A4F7556}") = "sandbox_project", "sandbox\sandbox_project\sandbox_project.csproj", "{C4E77432-3090-4BE1-B247-9B81CE6B0033}"
EndProject
Project("{2150E333-8FDC-42A3-9474-1A3956D46DE8}") = "week05", "week05", "{B8E9E822-6F56-4A1F-BDED-76D0492C4182}"
EndProject
Project("{9A19103F-16F7-4668-BE54-9A1E7A4F7556}") = "code", "week05\code\code.csproj", "{E5B52976-6238-4847-84C4-3D641B31D85C}"
EndProject
Project("{2150E333-8FDC-42A3-9474-1A3956D46DE8}") = "week02", "week02", "{997CFBD7-2809-4661-9D7C-8B8C7376B348}"
EndProject
Project("{9A19103F-16F7-4668-BE54-9A1E7A4F7556}") = "learn", "week02\learn\learn.csproj", "{182910AD-F4F2-460A-9598-5CA85548F0F1}"
EndProject
Project("{9A19103F-16F7-4668-BE54-9A1E7A4F7556}") = "code", "week02\code\code.csproj", "{10CCBE31-0F8E-4C2D-9DB3-140881ADF7DF}"
EndProject
Project("{9A19103F-16F7-4668-BE54-9A1E7A4F7556}") = "analyze", "week02\analyze\analyze.csproj", "{27C09192-E22A-48F9-903A-F4B6B39BDB12}"
EndProject
Project("{9A19103F-16F7-4668-BE54-9A1E7A4F7556}") = "teach", "week02\teach\teach.csproj", "{59A53560-A6E6-47BE-8692-AE975B6E8C66}"
EndProject
Project("{2150E333-8FDC-42A3-9474-1A3956D46DE8}") = "week03", "week03", "{3D40E256-542D-465B-A35C-232A07C646F4}"
EndProject
Project("{9A19103F-16F7-4668-BE54-9A1E7A4F7556}") = "learn", "week03\learn\learn.csproj", "{13AA277A-17AC-41FC-84D0-2CD05A6C6180}"
EndProject
Project("{9A19103F-16F7-4668-BE54-9A1E7A4F7556}") = "code", "week03\code\code.csproj", "{97DF2A86-7DD5-4832-BF52-EC07D10B311B}"
EndProject
Project("{9A19103F-16F7-4668-BE54-9A1E7A4F7556}") = "teach", "week03\teach\teach.csproj", "{6461382B-03C9-4C16-B846-11999ED17075}"
EndProject
Project("{2150E333-8FDC-42A3-9474-1A3956D46DE8}") = "week04", "week04", "{E8436EEB-5031-4760-9DFB-B15FF43D3141}"
EndProject
Project("{9A19103F-16F7-4668-BE54-9A1E7A4F7556}") = "code", "week04\code\code.csproj", "{6512DA0D-7DBF-4386-A18C-1EAD40053530}"
EndProject
Global
	GlobalSection(SolutionConfigurationPlatforms) = preSolution
		Debug|Any CPU = Debug|Any CPU
		Release|Any CPU = Release|Any CPU
	EndGlobalSection
	GlobalSection(ProjectConfigurationPlatforms) = postSolution
		{7FEC8294-76D4-4560-8064-A2F9E77422B5}.Debug|Any CPU.ActiveCfg = Debug|Any CPU
		{7FEC8294-76D4-4560-8064-A2F9E77422B5}.Debug|Any CPU.Build.0 = Debug|Any CPU
		{7FEC8294-76D4-4560-8064-A2F9E77422B5}.Release|Any CPU.ActiveCfg = Release|Any CPU
		{7FEC8294-76D4-4560-8064-A2F9E77422B5}.Release|Any CPU.Build.0 = Release|Any CPU
		{47B81E3F-D0A5-4EC9-97FD-3BAAD9CB9B0B}.Debug|Any CPU.ActiveCfg = Debug|Any CPU
		{47B81E3F-D0A5-4EC9-97FD-3BAAD9CB9B0B}.Debug|Any CPU.Build.0 = Debug|Any CPU
		{47B81E3F-D0A5-4EC9-97FD-3BAAD9CB9B0B}.Release|Any CPU.ActiveCfg = Release|Any CPU
		{47B81E3F-D0A5-4EC9-97FD-3BAAD9CB9B0B}.Release|Any CPU.Build.0 = Release|Any CPU
		{1C37CC2B-C401-4A94-A28A-2F9BE30AC4CF}.Debug|Any CPU.ActiveCfg = Debug|Any CPU
		{1C37CC2B-C401-4A94-A28A-2F9BE30AC4CF}.Debug|Any CPU.Build.0 = Debug|Any CPU
		{1C37CC2B-C401-4A94-A28A-2F9BE30AC4CF}.Release|Any CPU.ActiveCfg = Release|Any CPU
		{1C37CC2B-C401-4A94-A28A-2F9BE30AC4CF}.Release|Any CPU.Build.0 = Release|Any CPU
		{5AF1F16E-E7ED-4CDE-B01D-68FC7364371C}.Debug|Any CPU.ActiveCfg = Debug|Any CPU
		{5AF1F16E-E7ED-4CDE-B01D-68FC7364371C}.Debug|Any CPU.Build.0 = Debug|Any CPU
		{5AF1F16E-E7ED-4CDE-B01D-68FC7364371C}.Release|Any CPU.ActiveCfg = Release|Any CPU
		{5AF1F16E-E7ED-4CDE-B01D-68FC7364371C}.Release|Any CPU.Build.0 = Release|Any CPU
		{C4E77432-3090-4BE1-B247-9B81CE6B0033}.Debug|Any CPU.ActiveCfg = Debug|Any CPU
		{C4E77432-3090-4BE1-B247-9B81CE6B0033}.Debug|Any CPU.Build.0 = Debug|Any CPU
		{C4E77432-3090-4BE1-B247-9B81CE6B0033}.Release|Any CPU.ActiveCfg = Release|Any CPU
		{C4E77432-3090-4BE1-B247-9B81CE6B0033}.Release|Any CPU.Build.0 = Release|Any CPU
		{E5B52976-6238-4847-84C4-3D641B31D85C}.Debug|Any CPU.ActiveCfg = Debug|Any CPU
		{E5B52976-6238-4847-84C4-3D641B31D85C}.Debug|Any CPU.Build.0 = Debug|Any CPU
		{E5B52976-6238-4847-84C4-3D641B31D85C}.Release|Any CPU.ActiveCfg = Release|Any CPU
		{E5B52976-6238-4847-84C4-3D641B31D85C}.Release|Any CPU.Build.0 = Release|Any CPU
		{182910AD-F4F2-460A-9598-5CA85548F0F1}.Debug|Any CPU.ActiveCfg = Debug|Any CPU
		{182910AD-F4F2-460A-9598-5CA85548F0F1}.Debug|Any CPU.Build.0 = Debug|Any CPU
		{182910AD-F4F2-460A-9598-5CA85548F0F1}.Release|Any CPU.ActiveCfg = Release|Any CPU
		{182910AD-F4F2-460A-9598-5CA85548F0F1}.Release|Any CPU.Build.0 = Release|Any CPU
		{10CCBE31-0F8E-4C2D-9DB3-140881ADF7DF}.Debug|Any CPU.ActiveCfg = Debug|Any CPU
		{10CCBE31-0F8E-4C2D-9DB3-140881ADF7DF}.Debug|Any CPU.Build.0 = Debug|Any CPU
		{10CCBE31-0F8E-4C2D-9DB3-140881ADF7DF}.Release|Any CPU.ActiveCfg = Release|Any CPU
		{10CCBE31-0F8E-4C2D-9DB3-140881ADF7DF}.Release|Any CPU.Build.0 = Release|Any CPU
		{27C09192-E22A-48F9-903A-F4B6B39BDB12}.Debug|Any CPU.ActiveCfg = Debug|Any CPU
		{27C09192-E22A-48F9-903A-F4B6B39BDB12}.Debug|Any CPU.Build.0 = Debug|Any CPU
		{27C09192-E22A-48F9-903A-F4B6B39BDB12}.Release|Any CPU.ActiveCfg = Release|Any CPU
		{27C09192-E22A-48F9-903A-F4B6B39BDB12}.Release|Any CPU.Build.0 = Release|Any CPU
		{59A53560-A6E6-47BE-8692-AE975B6E8C66}.Debug|Any CPU.ActiveCfg = Debug|Any CPU
		{59A53560-A6E6-47BE-8692-AE975B6E8C66}.Debug|Any CPU.Build.0 = Debug|Any CPU
		{59A53560-A6E6-47BE-8692-AE975B6E8C66}.Release|Any CPU.ActiveCfg = Release|Any CPU
		{59A53560-A6E6-47BE-8692-AE975B6E8C66}.Release|Any CPU.Build.0 = Release|Any CPU
		{13AA277A-17AC-41FC-84D0-2CD05A6C6180}.Debug|Any CPU.ActiveCfg = Debug|Any CPU
		{13AA277A-17AC-41FC-84D0-2CD05A6C6180}.Debug|Any CPU.Build.0 = Debug|Any CPU
		{13AA277A-17AC-41FC-84D0-2CD05A6C6180}.Release|Any CPU.ActiveCfg = Release|Any CPU
		{13AA277A-17AC-41FC-84D0-2CD05A6C6180}.Release|Any CPU.Build.0 = Release|Any CPU
		{97DF2A86-7DD5-4832-BF52-EC07D10B311B}.Debug|Any CPU.ActiveCfg = Debug|Any CPU
		{97DF2A86-7DD5-4832-BF52-EC07D10B311B}.Debug|Any CPU.Build.0 = Debug|Any CPU
		{97DF2A86-7DD5-4832-BF52-EC07D10B311B}.Release|Any CPU.ActiveCfg = Release|Any CPU
		{97DF2A86-7DD5-4832-BF52-EC07D10B311B}.Release|Any CPU.Build.0 = Release|Any CPU
		{6461382B-03C9-4C16-B846-11999ED17075}.Debug|Any CPU.ActiveCfg = Debug|Any CPU
		{6461382B-03C9-4C16-B846-11999ED17075}.Debug|Any CPU.Build.0 = Debug|Any CPU
		{6461382B-03C9-4C16-B846-11999ED17075}.Release|Any CPU.ActiveCfg = Release|Any CPU
		{6461382B-03C9-4C16-B846-11999ED17075}.Release|Any CPU.Build.0 = Release|Any CPU
		{6512DA0D-7DBF-4386-A18C-1EAD40053530}.Debug|Any CPU.ActiveCfg = Debug|Any CPU
		{6512DA0D-7DBF-4386-A18C-1EAD40053530}.Debug|Any CPU.Build.0 = Debug|Any CPU
		{6512DA0D-7DBF-4386-A18C-1EAD40053530}.Release|Any CPU.ActiveCfg = Release|Any CPU
		{6512DA0D-7DBF-4386-A18C-1EAD40053530}.Release|Any CPU.Build.0 = Release|Any CPU
	EndGlobalSection
	GlobalSection(SolutionProperties) = preSolution
		HideSolutionNode = FALSE
	EndGlobalSection
	GlobalSection(NestedProjects) = preSolution
		{7FEC8294-76D4-4560-8064-A2F9E77422B5} = {0E757004-81D6-4FB1-B7F8-CF97C4D44D1C}
		{47B81E3F-D0A5-4EC9-97FD-3BAAD9CB9B0B} = {0E757004-81D6-4FB1-B7F8-CF97C4D44D1C}
		{1C37CC2B-C401-4A94-A28A-2F9BE30AC4CF} = {0E757004-81D6-4FB1-B7F8-CF97C4D44D1C}
		{5AF1F16E-E7ED-4CDE-B01D-68FC7364371C} = {3E9D5B49-DD86-45D4-A9BD-D4FF197A28D3}
		{C4E77432-3090-4BE1-B247-9B81CE6B0033} = {5BB2ED82-C515-48BF-ACDC-559B00459214}
		{E5B52976-6238-4847-84C4-3D641B31D85C} = {B8E9E822-6F56-4A1F-BDED-76D0492C4182}
		{182910AD-F4F2-460A-9598-5CA85548F0F1} = {997CFBD7-2809-4661-9D7C-8B8C7376B348}
		{10CCBE31-0F8E-4C2D-9DB3-140881ADF7DF} = {997CFBD7-2809-4661-9D7C-8B8C7376B348}
		{27C09192-E22A-48F9-903A-F4B6B39BDB12} = {997CFBD7-2809-4661-9D7C-8B8C7376B348}
		{59A53560-A6E6-47BE-8692-AE975B6E8C66} = {997CFBD7-2809-4661-9D7C-8B8C7376B348}
		{13AA277A-17AC-41FC-84D0-2CD05A6C6180} = {3D40E256-542D-465B-A35C-232A07C646F4}
		{97DF2A86-7DD5-4832-BF52-EC07D10B311B} = {3D40E256-542D-465B-A35C-232A07C646F4}
		{6461382B-03C9-4C16-B846-11999ED17075} = {3D40E256-542D-465B-A35C-232A07C646F4}
		{6512DA0D-7DBF-4386-A18C-1EAD40053530} = {E8436EEB-5031-4760-9DFB-B15FF43D3141}
	EndGlobalSection
	GlobalSection(ExtensibilityGlobals) = postSolution
		SolutionGuid = {4C8BB9F3-88E0-429D-852B-CCC1A79C433A}
	EndGlobalSection
EndGlobal
